
Microsoft Visual Studio Solution File, Format Version 12.00
# Visual Studio Version 17
VisualStudioVersion = 17.3.32929.385
MinimumVisualStudioVersion = 10.0.40219.1
Project("{FAE04EC0-301F-11D3-BF4B-00C04F79EFBC}") = "Inlämning 4", "Inlämning 4\Inlämning 4.csproj", "{DD95F08E-5CEB-4A4F-911E-85F3096C048D}"
EndProject
Global
	GlobalSection(SolutionConfigurationPlatforms) = preSolution
		Debug|Any CPU = Debug|Any CPU
		Release|Any CPU = Release|Any CPU
	EndGlobalSection
	GlobalSection(ProjectConfigurationPlatforms) = postSolution
		{DD95F08E-5CEB-4A4F-911E-85F3096C048D}.Debug|Any CPU.ActiveCfg = Debug|Any CPU
		{DD95F08E-5CEB-4A4F-911E-85F3096C048D}.Debug|Any CPU.Build.0 = Debug|Any CPU
		{DD95F08E-5CEB-4A4F-911E-85F3096C048D}.Release|Any CPU.ActiveCfg = Release|Any CPU
		{DD95F08E-5CEB-4A4F-911E-85F3096C048D}.Release|Any CPU.Build.0 = Release|Any CPU
	EndGlobalSection
	GlobalSection(SolutionProperties) = preSolution
		HideSolutionNode = FALSE
	EndGlobalSection
	GlobalSection(ExtensibilityGlobals) = postSolution
		SolutionGuid = {5ED222AD-51AA-4EFA-B2A1-98C8241675E2}
	EndGlobalSection
EndGlobal
